
Microsoft Visual Studio Solution File, Format Version 12.00
# Visual Studio Version 17
VisualStudioVersion = 17.0.31919.166
MinimumVisualStudioVersion = 10.0.40219.1
Project("{2150E333-8FDC-42A3-9474-1A3956D46DE8}") = "libs", "libs", "{038AED86-17AE-46AF-8F26-B3A346C0DF1F}"
EndProject
Project("{9A19103F-16F7-4668-BE54-9A1E7A4F7556}") = "Roblox.Sentinels", "..\..\Assemblies\Sentinels\src\Roblox.Sentinels.csproj", "{4C02DAE6-3CFC-434D-B546-90EF4151719C}"
EndProject
Project("{9A19103F-16F7-4668-BE54-9A1E7A4F7556}") = "Roblox.Instrumentation", "..\..\Assemblies\Instrumentation\src\Roblox.Instrumentation.csproj", "{416ACB6A-F683-4306-8431-817A026EB6BF}"
EndProject
Project("{9A19103F-16F7-4668-BE54-9A1E7A4F7556}") = "Roblox.Configuration", "..\..\Assemblies\Configuration\src\configuration\Roblox.Configuration.csproj", "{6316D070-7193-4F41-9B70-F13D6875563F}"
EndProject
Project("{FAE04EC0-301F-11D3-BF4B-00C04F79EFBC}") = "ConfigurationWebsite", "ConfigurationWebsite\ConfigurationWebsite.csproj", "{941D7FE4-8629-41FB-8343-E06952B86638}"
EndProject
Project("{2150E333-8FDC-42A3-9474-1A3956D46DE8}") = "EventLog", "EventLog", "{02EA681E-C7D8-13C7-8484-4AC65E1B71E8}"
EndProject
Project("{2150E333-8FDC-42A3-9474-1A3956D46DE8}") = "Instrumentation", "Instrumentation", "{2B574BD3-AC46-4B5B-BD2F-86FA61C523F8}"
EndProject
Project("{2150E333-8FDC-42A3-9474-1A3956D46DE8}") = "Configuration", "Configuration", "{B9EF57DC-AF54-4E67-A594-A9EE8ADFD6C6}"
EndProject
Project("{2150E333-8FDC-42A3-9474-1A3956D46DE8}") = "Core", "Core", "{DC386B9A-0771-43AA-ACB8-5D42D320F95C}"
EndProject
Project("{2150E333-8FDC-42A3-9474-1A3956D46DE8}") = "Sentinels", "Sentinels", "{A0C59A5B-598E-4AA6-91F6-A19985AB8EA6}"
EndProject
Project("{FAE04EC0-301F-11D3-BF4B-00C04F79EFBC}") = "Roblox.EventLog", "..\..\Assemblies\event-log\src\Roblox.EventLog.csproj", "{F8933123-E523-F05A-B5A4-A147AB2406B5}"
EndProject
Project("{FAE04EC0-301F-11D3-BF4B-00C04F79EFBC}") = "Roblox.Configuration.Core", "..\..\Assemblies\configuration\src\core\Roblox.Configuration.Core.csproj", "{69D2CAE8-0393-F499-59B9-C18F99F63DC7}"
EndProject
Project("{2150E333-8FDC-42A3-9474-1A3956D46DE8}") = "Environment", "Environment", "{D5CD601C-29B6-4257-81CA-17F96CD68BC4}"
EndProject
Project("{2150E333-8FDC-42A3-9474-1A3956D46DE8}") = "Providers", "Providers", "{C5F4352B-2AE6-4DB5-945D-20F22CF1201C}"
EndProject
Project("{FAE04EC0-301F-11D3-BF4B-00C04F79EFBC}") = "Roblox.Configuration.Environment", "..\..\Assemblies\configuration\src\environment\Roblox.Configuration.Environment.csproj", "{5738AAFE-4775-FB25-A4D3-38D907B0BBFD}"
EndProject
Project("{FAE04EC0-301F-11D3-BF4B-00C04F79EFBC}") = "Roblox.Configuration.Providers", "..\..\Assemblies\configuration\src\providers\Roblox.Configuration.Providers.csproj", "{92A730E0-9D5B-ABE5-C278-FC7B3B7B2709}"
EndProject
Project("{FAE04EC0-301F-11D3-BF4B-00C04F79EFBC}") = "Roblox.Threading", "..\..\Assemblies\threading\src\Roblox.Threading.csproj", "{ED82DB3A-849C-A6F7-0A9F-6452F30BBBA2}"
EndProject
Project("{2150E333-8FDC-42A3-9474-1A3956D46DE8}") = "Threading", "Threading", "{995E2C46-9470-4D12-AC3B-DA5C5E8E46C2}"
EndProject
Project("{2150E333-8FDC-42A3-9474-1A3956D46DE8}") = "Vault", "Vault", "{0629A006-9C3F-4D02-8838-48D496BAF823}"
EndProject
Project("{FAE04EC0-301F-11D3-BF4B-00C04F79EFBC}") = "Roblox.Vault", "..\..\Assemblies\vault\src\Roblox.Vault.csproj", "{8668C88D-0B82-5FF9-BE16-4060B7490E4C}"
EndProject
Global
	GlobalSection(SolutionConfigurationPlatforms) = preSolution
		Debug|Any CPU = Debug|Any CPU
		Release|Any CPU = Release|Any CPU
	EndGlobalSection
	GlobalSection(ProjectConfigurationPlatforms) = postSolution
		{4C02DAE6-3CFC-434D-B546-90EF4151719C}.Debug|Any CPU.ActiveCfg = Debug|Any CPU
		{4C02DAE6-3CFC-434D-B546-90EF4151719C}.Debug|Any CPU.Build.0 = Debug|Any CPU
		{4C02DAE6-3CFC-434D-B546-90EF4151719C}.Release|Any CPU.ActiveCfg = Release|Any CPU
		{4C02DAE6-3CFC-434D-B546-90EF4151719C}.Release|Any CPU.Build.0 = Release|Any CPU
		{416ACB6A-F683-4306-8431-817A026EB6BF}.Debug|Any CPU.ActiveCfg = Debug|Any CPU
		{416ACB6A-F683-4306-8431-817A026EB6BF}.Debug|Any CPU.Build.0 = Debug|Any CPU
		{416ACB6A-F683-4306-8431-817A026EB6BF}.Release|Any CPU.ActiveCfg = Release|Any CPU
		{416ACB6A-F683-4306-8431-817A026EB6BF}.Release|Any CPU.Build.0 = Release|Any CPU
		{6316D070-7193-4F41-9B70-F13D6875563F}.Debug|Any CPU.ActiveCfg = Debug|Any CPU
		{6316D070-7193-4F41-9B70-F13D6875563F}.Debug|Any CPU.Build.0 = Debug|Any CPU
		{6316D070-7193-4F41-9B70-F13D6875563F}.Release|Any CPU.ActiveCfg = Release|Any CPU
		{6316D070-7193-4F41-9B70-F13D6875563F}.Release|Any CPU.Build.0 = Release|Any CPU
		{941D7FE4-8629-41FB-8343-E06952B86638}.Debug|Any CPU.ActiveCfg = Debug|Any CPU
		{941D7FE4-8629-41FB-8343-E06952B86638}.Debug|Any CPU.Build.0 = Debug|Any CPU
		{941D7FE4-8629-41FB-8343-E06952B86638}.Release|Any CPU.ActiveCfg = Release|Any CPU
		{941D7FE4-8629-41FB-8343-E06952B86638}.Release|Any CPU.Build.0 = Release|Any CPU
		{F8933123-E523-F05A-B5A4-A147AB2406B5}.Debug|Any CPU.ActiveCfg = Debug|Any CPU
		{F8933123-E523-F05A-B5A4-A147AB2406B5}.Debug|Any CPU.Build.0 = Debug|Any CPU
		{F8933123-E523-F05A-B5A4-A147AB2406B5}.Release|Any CPU.ActiveCfg = Release|Any CPU
		{F8933123-E523-F05A-B5A4-A147AB2406B5}.Release|Any CPU.Build.0 = Release|Any CPU
		{69D2CAE8-0393-F499-59B9-C18F99F63DC7}.Debug|Any CPU.ActiveCfg = Debug|Any CPU
		{69D2CAE8-0393-F499-59B9-C18F99F63DC7}.Debug|Any CPU.Build.0 = Debug|Any CPU
		{69D2CAE8-0393-F499-59B9-C18F99F63DC7}.Release|Any CPU.ActiveCfg = Release|Any CPU
		{69D2CAE8-0393-F499-59B9-C18F99F63DC7}.Release|Any CPU.Build.0 = Release|Any CPU
		{5738AAFE-4775-FB25-A4D3-38D907B0BBFD}.Debug|Any CPU.ActiveCfg = Debug|Any CPU
		{5738AAFE-4775-FB25-A4D3-38D907B0BBFD}.Debug|Any CPU.Build.0 = Debug|Any CPU
		{5738AAFE-4775-FB25-A4D3-38D907B0BBFD}.Release|Any CPU.ActiveCfg = Release|Any CPU
		{5738AAFE-4775-FB25-A4D3-38D907B0BBFD}.Release|Any CPU.Build.0 = Release|Any CPU
		{92A730E0-9D5B-ABE5-C278-FC7B3B7B2709}.Debug|Any CPU.ActiveCfg = Debug|Any CPU
		{92A730E0-9D5B-ABE5-C278-FC7B3B7B2709}.Debug|Any CPU.Build.0 = Debug|Any CPU
		{92A730E0-9D5B-ABE5-C278-FC7B3B7B2709}.Release|Any CPU.ActiveCfg = Release|Any CPU
		{92A730E0-9D5B-ABE5-C278-FC7B3B7B2709}.Release|Any CPU.Build.0 = Release|Any CPU
		{ED82DB3A-849C-A6F7-0A9F-6452F30BBBA2}.Debug|Any CPU.ActiveCfg = Debug|Any CPU
		{ED82DB3A-849C-A6F7-0A9F-6452F30BBBA2}.Debug|Any CPU.Build.0 = Debug|Any CPU
		{ED82DB3A-849C-A6F7-0A9F-6452F30BBBA2}.Release|Any CPU.ActiveCfg = Release|Any CPU
		{ED82DB3A-849C-A6F7-0A9F-6452F30BBBA2}.Release|Any CPU.Build.0 = Release|Any CPU
		{8668C88D-0B82-5FF9-BE16-4060B7490E4C}.Debug|Any CPU.ActiveCfg = Debug|Any CPU
		{8668C88D-0B82-5FF9-BE16-4060B7490E4C}.Debug|Any CPU.Build.0 = Debug|Any CPU
		{8668C88D-0B82-5FF9-BE16-4060B7490E4C}.Release|Any CPU.ActiveCfg = Release|Any CPU
		{8668C88D-0B82-5FF9-BE16-4060B7490E4C}.Release|Any CPU.Build.0 = Release|Any CPU
	EndGlobalSection
	GlobalSection(SolutionProperties) = preSolution
		HideSolutionNode = FALSE
	EndGlobalSection
	GlobalSection(NestedProjects) = preSolution
		{4C02DAE6-3CFC-434D-B546-90EF4151719C} = {A0C59A5B-598E-4AA6-91F6-A19985AB8EA6}
		{416ACB6A-F683-4306-8431-817A026EB6BF} = {2B574BD3-AC46-4B5B-BD2F-86FA61C523F8}
		{6316D070-7193-4F41-9B70-F13D6875563F} = {B9EF57DC-AF54-4E67-A594-A9EE8ADFD6C6}
		{02EA681E-C7D8-13C7-8484-4AC65E1B71E8} = {038AED86-17AE-46AF-8F26-B3A346C0DF1F}
		{2B574BD3-AC46-4B5B-BD2F-86FA61C523F8} = {038AED86-17AE-46AF-8F26-B3A346C0DF1F}
		{B9EF57DC-AF54-4E67-A594-A9EE8ADFD6C6} = {038AED86-17AE-46AF-8F26-B3A346C0DF1F}
		{DC386B9A-0771-43AA-ACB8-5D42D320F95C} = {B9EF57DC-AF54-4E67-A594-A9EE8ADFD6C6}
		{A0C59A5B-598E-4AA6-91F6-A19985AB8EA6} = {038AED86-17AE-46AF-8F26-B3A346C0DF1F}
		{F8933123-E523-F05A-B5A4-A147AB2406B5} = {02EA681E-C7D8-13C7-8484-4AC65E1B71E8}
		{69D2CAE8-0393-F499-59B9-C18F99F63DC7} = {DC386B9A-0771-43AA-ACB8-5D42D320F95C}
		{D5CD601C-29B6-4257-81CA-17F96CD68BC4} = {B9EF57DC-AF54-4E67-A594-A9EE8ADFD6C6}
		{C5F4352B-2AE6-4DB5-945D-20F22CF1201C} = {B9EF57DC-AF54-4E67-A594-A9EE8ADFD6C6}
		{5738AAFE-4775-FB25-A4D3-38D907B0BBFD} = {D5CD601C-29B6-4257-81CA-17F96CD68BC4}
		{92A730E0-9D5B-ABE5-C278-FC7B3B7B2709} = {C5F4352B-2AE6-4DB5-945D-20F22CF1201C}
		{ED82DB3A-849C-A6F7-0A9F-6452F30BBBA2} = {995E2C46-9470-4D12-AC3B-DA5C5E8E46C2}
		{995E2C46-9470-4D12-AC3B-DA5C5E8E46C2} = {038AED86-17AE-46AF-8F26-B3A346C0DF1F}
		{0629A006-9C3F-4D02-8838-48D496BAF823} = {038AED86-17AE-46AF-8F26-B3A346C0DF1F}
		{8668C88D-0B82-5FF9-BE16-4060B7490E4C} = {0629A006-9C3F-4D02-8838-48D496BAF823}
	EndGlobalSection
	GlobalSection(ExtensibilityGlobals) = postSolution
		SolutionGuid = {29DA90FF-172A-475C-A45B-36E63E4C122A}
	EndGlobalSection
EndGlobal
