
Microsoft Visual Studio Solution File, Format Version 12.00
# Visual Studio Version 17
VisualStudioVersion = 17.0.31919.166
MinimumVisualStudioVersion = 10.0.40219.1
Project("{2150E333-8FDC-42A3-9474-1A3956D46DE8}") = "libs", "libs", "{038AED86-17AE-46AF-8F26-B3A346C0DF1F}"
EndProject
Project("{FAE04EC0-301F-11D3-BF4B-00C04F79EFBC}") = "ConfigurationWebsite", "ConfigurationWebsite\ConfigurationWebsite.csproj", "{941D7FE4-8629-41FB-8343-E06952B86638}"
EndProject
Project("{2150E333-8FDC-42A3-9474-1A3956D46DE8}") = "EventLog", "EventLog", "{02EA681E-C7D8-13C7-8484-4AC65E1B71E8}"
EndProject
Project("{2150E333-8FDC-42A3-9474-1A3956D46DE8}") = "Configuration", "Configuration", "{B9EF57DC-AF54-4E67-A594-A9EE8ADFD6C6}"
EndProject
Project("{2150E333-8FDC-42A3-9474-1A3956D46DE8}") = "Core", "Core", "{DC386B9A-0771-43AA-ACB8-5D42D320F95C}"
EndProject
Project("{2150E333-8FDC-42A3-9474-1A3956D46DE8}") = "Sentinels", "Sentinels", "{A0C59A5B-598E-4AA6-91F6-A19985AB8EA6}"
EndProject
Project("{2150E333-8FDC-42A3-9474-1A3956D46DE8}") = "Environment", "Environment", "{D5CD601C-29B6-4257-81CA-17F96CD68BC4}"
EndProject
Project("{2150E333-8FDC-42A3-9474-1A3956D46DE8}") = "Providers", "Providers", "{C5F4352B-2AE6-4DB5-945D-20F22CF1201C}"
EndProject
Project("{2150E333-8FDC-42A3-9474-1A3956D46DE8}") = "Threading", "Threading", "{995E2C46-9470-4D12-AC3B-DA5C5E8E46C2}"
EndProject
Project("{2150E333-8FDC-42A3-9474-1A3956D46DE8}") = "Vault", "Vault", "{0629A006-9C3F-4D02-8838-48D496BAF823}"
EndProject
Project("{FAE04EC0-301F-11D3-BF4B-00C04F79EFBC}") = "Roblox.Vault", "Assemblies\Vault\src\Roblox.Vault.csproj", "{4B2268F0-B114-8C9F-C47A-953DD34AF7D1}"
EndProject
Project("{FAE04EC0-301F-11D3-BF4B-00C04F79EFBC}") = "Roblox.Threading", "Assemblies\Threading\src\Roblox.Threading.csproj", "{37650B1D-61F8-EB4D-670C-CC67DAE10809}"
EndProject
Project("{FAE04EC0-301F-11D3-BF4B-00C04F79EFBC}") = "Roblox.Sentinels", "Assemblies\Sentinels\src\Roblox.Sentinels.csproj", "{BA8999F6-C075-0680-10B3-7CF93DC0276A}"
EndProject
Project("{FAE04EC0-301F-11D3-BF4B-00C04F79EFBC}") = "Roblox.EventLog", "Assemblies\event-log\src\Roblox.EventLog.csproj", "{7195B970-B201-570A-4FE0-F3224DF88765}"
EndProject
Project("{FAE04EC0-301F-11D3-BF4B-00C04F79EFBC}") = "Roblox.Configuration.Providers", "Assemblies\Configuration\src\providers\Roblox.Configuration.Providers.csproj", "{5F483B7B-133B-0572-FD9C-E11CBE8F16D8}"
EndProject
Project("{FAE04EC0-301F-11D3-BF4B-00C04F79EFBC}") = "Roblox.Configuration.Environment", "Assemblies\Configuration\src\environment\Roblox.Configuration.Environment.csproj", "{77E2A0BA-19D7-BB50-3DC3-3B62F72DB706}"
EndProject
Project("{FAE04EC0-301F-11D3-BF4B-00C04F79EFBC}") = "Roblox.Configuration.Core", "Assemblies\Configuration\src\core\Roblox.Configuration.Core.csproj", "{3F5E30B0-00DA-A42A-FFE9-7287926C3AB5}"
EndProject
Project("{FAE04EC0-301F-11D3-BF4B-00C04F79EFBC}") = "Roblox.Configuration", "Assemblies\Configuration\src\configuration\Roblox.Configuration.csproj", "{87D6D1B2-8A6C-30A0-7B05-1C6C99455E4E}"
EndProject
Project("{2150E333-8FDC-42A3-9474-1A3956D46DE8}") = "Configuration", "Configuration", "{E99F3363-40CF-47E9-8C22-E9F3151F0AE6}"
EndProject
Global
	GlobalSection(SolutionConfigurationPlatforms) = preSolution
		Debug|Any CPU = Debug|Any CPU
		Release|Any CPU = Release|Any CPU
	EndGlobalSection
	GlobalSection(ProjectConfigurationPlatforms) = postSolution
		{941D7FE4-8629-41FB-8343-E06952B86638}.Debug|Any CPU.ActiveCfg = Debug|Any CPU
		{941D7FE4-8629-41FB-8343-E06952B86638}.Debug|Any CPU.Build.0 = Debug|Any CPU
		{941D7FE4-8629-41FB-8343-E06952B86638}.Release|Any CPU.ActiveCfg = Release|Any CPU
		{941D7FE4-8629-41FB-8343-E06952B86638}.Release|Any CPU.Build.0 = Release|Any CPU
		{4B2268F0-B114-8C9F-C47A-953DD34AF7D1}.Debug|Any CPU.ActiveCfg = Debug|Any CPU
		{4B2268F0-B114-8C9F-C47A-953DD34AF7D1}.Debug|Any CPU.Build.0 = Debug|Any CPU
		{4B2268F0-B114-8C9F-C47A-953DD34AF7D1}.Release|Any CPU.ActiveCfg = Release|Any CPU
		{4B2268F0-B114-8C9F-C47A-953DD34AF7D1}.Release|Any CPU.Build.0 = Release|Any CPU
		{37650B1D-61F8-EB4D-670C-CC67DAE10809}.Debug|Any CPU.ActiveCfg = Debug|Any CPU
		{37650B1D-61F8-EB4D-670C-CC67DAE10809}.Debug|Any CPU.Build.0 = Debug|Any CPU
		{37650B1D-61F8-EB4D-670C-CC67DAE10809}.Release|Any CPU.ActiveCfg = Release|Any CPU
		{37650B1D-61F8-EB4D-670C-CC67DAE10809}.Release|Any CPU.Build.0 = Release|Any CPU
		{BA8999F6-C075-0680-10B3-7CF93DC0276A}.Debug|Any CPU.ActiveCfg = Debug|Any CPU
		{BA8999F6-C075-0680-10B3-7CF93DC0276A}.Debug|Any CPU.Build.0 = Debug|Any CPU
		{BA8999F6-C075-0680-10B3-7CF93DC0276A}.Release|Any CPU.ActiveCfg = Release|Any CPU
		{BA8999F6-C075-0680-10B3-7CF93DC0276A}.Release|Any CPU.Build.0 = Release|Any CPU
		{7195B970-B201-570A-4FE0-F3224DF88765}.Debug|Any CPU.ActiveCfg = Debug|Any CPU
		{7195B970-B201-570A-4FE0-F3224DF88765}.Debug|Any CPU.Build.0 = Debug|Any CPU
		{7195B970-B201-570A-4FE0-F3224DF88765}.Release|Any CPU.ActiveCfg = Release|Any CPU
		{7195B970-B201-570A-4FE0-F3224DF88765}.Release|Any CPU.Build.0 = Release|Any CPU
		{5F483B7B-133B-0572-FD9C-E11CBE8F16D8}.Debug|Any CPU.ActiveCfg = Debug|Any CPU
		{5F483B7B-133B-0572-FD9C-E11CBE8F16D8}.Debug|Any CPU.Build.0 = Debug|Any CPU
		{5F483B7B-133B-0572-FD9C-E11CBE8F16D8}.Release|Any CPU.ActiveCfg = Release|Any CPU
		{5F483B7B-133B-0572-FD9C-E11CBE8F16D8}.Release|Any CPU.Build.0 = Release|Any CPU
		{77E2A0BA-19D7-BB50-3DC3-3B62F72DB706}.Debug|Any CPU.ActiveCfg = Debug|Any CPU
		{77E2A0BA-19D7-BB50-3DC3-3B62F72DB706}.Debug|Any CPU.Build.0 = Debug|Any CPU
		{77E2A0BA-19D7-BB50-3DC3-3B62F72DB706}.Release|Any CPU.ActiveCfg = Release|Any CPU
		{77E2A0BA-19D7-BB50-3DC3-3B62F72DB706}.Release|Any CPU.Build.0 = Release|Any CPU
		{3F5E30B0-00DA-A42A-FFE9-7287926C3AB5}.Debug|Any CPU.ActiveCfg = Debug|Any CPU
		{3F5E30B0-00DA-A42A-FFE9-7287926C3AB5}.Debug|Any CPU.Build.0 = Debug|Any CPU
		{3F5E30B0-00DA-A42A-FFE9-7287926C3AB5}.Release|Any CPU.ActiveCfg = Release|Any CPU
		{3F5E30B0-00DA-A42A-FFE9-7287926C3AB5}.Release|Any CPU.Build.0 = Release|Any CPU
		{87D6D1B2-8A6C-30A0-7B05-1C6C99455E4E}.Debug|Any CPU.ActiveCfg = Debug|Any CPU
		{87D6D1B2-8A6C-30A0-7B05-1C6C99455E4E}.Debug|Any CPU.Build.0 = Debug|Any CPU
		{87D6D1B2-8A6C-30A0-7B05-1C6C99455E4E}.Release|Any CPU.ActiveCfg = Release|Any CPU
		{87D6D1B2-8A6C-30A0-7B05-1C6C99455E4E}.Release|Any CPU.Build.0 = Release|Any CPU
	EndGlobalSection
	GlobalSection(SolutionProperties) = preSolution
		HideSolutionNode = FALSE
	EndGlobalSection
	GlobalSection(NestedProjects) = preSolution
		{02EA681E-C7D8-13C7-8484-4AC65E1B71E8} = {038AED86-17AE-46AF-8F26-B3A346C0DF1F}
		{B9EF57DC-AF54-4E67-A594-A9EE8ADFD6C6} = {038AED86-17AE-46AF-8F26-B3A346C0DF1F}
		{DC386B9A-0771-43AA-ACB8-5D42D320F95C} = {B9EF57DC-AF54-4E67-A594-A9EE8ADFD6C6}
		{A0C59A5B-598E-4AA6-91F6-A19985AB8EA6} = {038AED86-17AE-46AF-8F26-B3A346C0DF1F}
		{D5CD601C-29B6-4257-81CA-17F96CD68BC4} = {B9EF57DC-AF54-4E67-A594-A9EE8ADFD6C6}
		{C5F4352B-2AE6-4DB5-945D-20F22CF1201C} = {B9EF57DC-AF54-4E67-A594-A9EE8ADFD6C6}
		{995E2C46-9470-4D12-AC3B-DA5C5E8E46C2} = {038AED86-17AE-46AF-8F26-B3A346C0DF1F}
		{0629A006-9C3F-4D02-8838-48D496BAF823} = {038AED86-17AE-46AF-8F26-B3A346C0DF1F}
		{4B2268F0-B114-8C9F-C47A-953DD34AF7D1} = {0629A006-9C3F-4D02-8838-48D496BAF823}
		{37650B1D-61F8-EB4D-670C-CC67DAE10809} = {995E2C46-9470-4D12-AC3B-DA5C5E8E46C2}
		{BA8999F6-C075-0680-10B3-7CF93DC0276A} = {A0C59A5B-598E-4AA6-91F6-A19985AB8EA6}
		{7195B970-B201-570A-4FE0-F3224DF88765} = {02EA681E-C7D8-13C7-8484-4AC65E1B71E8}
		{5F483B7B-133B-0572-FD9C-E11CBE8F16D8} = {C5F4352B-2AE6-4DB5-945D-20F22CF1201C}
		{77E2A0BA-19D7-BB50-3DC3-3B62F72DB706} = {D5CD601C-29B6-4257-81CA-17F96CD68BC4}
		{3F5E30B0-00DA-A42A-FFE9-7287926C3AB5} = {DC386B9A-0771-43AA-ACB8-5D42D320F95C}
		{87D6D1B2-8A6C-30A0-7B05-1C6C99455E4E} = {E99F3363-40CF-47E9-8C22-E9F3151F0AE6}
		{E99F3363-40CF-47E9-8C22-E9F3151F0AE6} = {B9EF57DC-AF54-4E67-A594-A9EE8ADFD6C6}
	EndGlobalSection
	GlobalSection(ExtensibilityGlobals) = postSolution
		SolutionGuid = {29DA90FF-172A-475C-A45B-36E63E4C122A}
	EndGlobalSection
EndGlobal
